{
  "name": "@spark/validator",
  "version": "0.0.1",
  "lockfileVersion": 1,
  "requires": true,
  "dependencies": {
    "@spark/validator": {
      "version": "git+https://github.com/ariusxi/spark-validator.git#22c03a29e75c7f2f1529af67da79c78d543d4c65",
      "from": "git+https://github.com/ariusxi/spark-validator.git"
    }
  }
}
